Microsoft Visual Studio Solution File, Format Version 12.00
# Visual Studio Version 17
VisualStudioVersion = 17.5.2.0
MinimumVisualStudioVersion = 10.0.40219.1
Project("{2150E333-8FDC-42A3-9474-1A3956D46DE8}") = "Eduride_Log", "Eduride_Log", "{492C9D78-353D-6149-BD8E-06F27545F4AA}"
EndProject
Project("{FAE04EC0-301F-11D3-BF4B-00C04F79EFBC}") = "Eduride_Log", "Eduride_Log\Eduride_Log\Eduride_Log.csproj", "{D9B8666E-5E1A-8B5F-5224-A4D44EE6F764}"
EndProject
Global
	GlobalSection(SolutionConfigurationPlatforms) = preSolution
		Debug|Any CPU = Debug|Any CPU
		Release|Any CPU = Release|Any CPU
	EndGlobalSection
	GlobalSection(ProjectConfigurationPlatforms) = postSolution
		{D9B8666E-5E1A-8B5F-5224-A4D44EE6F764}.Debug|Any CPU.ActiveCfg = Debug|Any CPU
		{D9B8666E-5E1A-8B5F-5224-A4D44EE6F764}.Debug|Any CPU.Build.0 = Debug|Any CPU
		{D9B8666E-5E1A-8B5F-5224-A4D44EE6F764}.Release|Any CPU.ActiveCfg = Release|Any CPU
		{D9B8666E-5E1A-8B5F-5224-A4D44EE6F764}.Release|Any CPU.Build.0 = Release|Any CPU
	EndGlobalSection
	GlobalSection(SolutionProperties) = preSolution
		HideSolutionNode = FALSE
	EndGlobalSection
	GlobalSection(NestedProjects) = preSolution
		{D9B8666E-5E1A-8B5F-5224-A4D44EE6F764} = {492C9D78-353D-6149-BD8E-06F27545F4AA}
	EndGlobalSection
	GlobalSection(ExtensibilityGlobals) = postSolution
		SolutionGuid = {5ED66AA7-7976-4327-AC8D-BFD45523AD57}
	EndGlobalSection
EndGlobal
